
Microsoft Visual Studio Solution File, Format Version 12.00
# Visual Studio Version 16
VisualStudioVersion = 16.0.31129.286
MinimumVisualStudioVersion = 10.0.40219.1
Project("{9A19103F-16F7-4668-BE54-9A1E7A4F7556}") = "c-vee.Web", "c-vee.Web\c-vee.Web.csproj", "{2788DAAD-1362-4C90-AD0F-9A0E597AE0A6}"
EndProject
Project("{9A19103F-16F7-4668-BE54-9A1E7A4F7556}") = "c-vee.Web.Common", "c-vee.Web.Common\c-vee.Web.Common.csproj", "{3BC6E65A-35C3-4C94-BEB1-A5DBF618997F}"
EndProject
Project("{FAE04EC0-301F-11D3-BF4B-00C04F79EFBC}") = "c-vee.Web.Data", "c-vee.Web.Data\c-vee.Web.Data.csproj", "{196A3A48-84D3-4F60-81EC-75D46E2695D9}"
EndProject
Global
	GlobalSection(SolutionConfigurationPlatforms) = preSolution
		Debug|Any CPU = Debug|Any CPU
		Release|Any CPU = Release|Any CPU
	EndGlobalSection
	GlobalSection(ProjectConfigurationPlatforms) = postSolution
		{2788DAAD-1362-4C90-AD0F-9A0E597AE0A6}.Debug|Any CPU.ActiveCfg = Debug|Any CPU
		{2788DAAD-1362-4C90-AD0F-9A0E597AE0A6}.Debug|Any CPU.Build.0 = Debug|Any CPU
		{2788DAAD-1362-4C90-AD0F-9A0E597AE0A6}.Release|Any CPU.ActiveCfg = Release|Any CPU
		{2788DAAD-1362-4C90-AD0F-9A0E597AE0A6}.Release|Any CPU.Build.0 = Release|Any CPU
		{3BC6E65A-35C3-4C94-BEB1-A5DBF618997F}.Debug|Any CPU.ActiveCfg = Debug|Any CPU
		{3BC6E65A-35C3-4C94-BEB1-A5DBF618997F}.Debug|Any CPU.Build.0 = Debug|Any CPU
		{3BC6E65A-35C3-4C94-BEB1-A5DBF618997F}.Release|Any CPU.ActiveCfg = Release|Any CPU
		{3BC6E65A-35C3-4C94-BEB1-A5DBF618997F}.Release|Any CPU.Build.0 = Release|Any CPU
		{196A3A48-84D3-4F60-81EC-75D46E2695D9}.Debug|Any CPU.ActiveCfg = Debug|Any CPU
		{196A3A48-84D3-4F60-81EC-75D46E2695D9}.Debug|Any CPU.Build.0 = Debug|Any CPU
		{196A3A48-84D3-4F60-81EC-75D46E2695D9}.Release|Any CPU.ActiveCfg = Release|Any CPU
		{196A3A48-84D3-4F60-81EC-75D46E2695D9}.Release|Any CPU.Build.0 = Release|Any CPU
	EndGlobalSection
	GlobalSection(SolutionProperties) = preSolution
		HideSolutionNode = FALSE
	EndGlobalSection
	GlobalSection(ExtensibilityGlobals) = postSolution
		SolutionGuid = {CCE5EFBE-6578-4C0C-B1D4-AD9C182F94B7}
	EndGlobalSection
EndGlobal
